# This file is autogenerated, do not edit; changes may be undone by the next 'dep ensure'.


[[projects]]
  digest = "1:b62a3c5b37db602bf1158e921da1a762315a4c37855fd418a14498aa87a342d5"
  name = "cloud.google.com/go"
  packages = ["civil"]
  pruneopts = "UT"
  revision = "aad3f485ee528456e0768f20397b4d9dd941e755"
  version = "v0.25.0"

[[projects]]
  digest = "1:517998a1f5034f85bdaf26c29f677f34509e772240e81f1ba9c2ba6eb0636981"
  name = "github.com/gruntwork-io/terratest"
  packages = [
    "modules/collections",
    "modules/logger",
    "modules/retry",
    "modules/shell",
    "modules/terraform",
  ]
  pruneopts = "UT"
  revision = "a3246fed2e3e40b345e13a745e435b36b17d0c16"
  version = "v0.9.15"

[[projects]]
  branch = "master"
  digest = "1:7d80d5561efbfcfdc3e4720bf5e331d574fd6f1e531b115ecf568aab3e2b656d"
  name = "golang.org/x/crypto"
  packages = ["md4"]
  pruneopts = "UT"
  revision = "c126467f60eb25f8f27e5a981f32a87e3965053f"

[[projects]]
  branch = "master"
  digest = "1:76ee51c3f468493aff39dbacc401e8831fbb765104cbf613b89bef01cf4bad70"
  name = "golang.org/x/net"
  packages = ["context"]
  pruneopts = "UT"
  revision = "c4299a1a0d8524c11563db160fbf9bddbceadb21"

[solve-meta]
  analyzer-name = "dep"
  analyzer-version = 1
  input-imports = [
    "github.com/gruntwork-io/terratest/modules/retry",
    "github.com/gruntwork-io/terratest/modules/terraform",
  ]
  solver-name = "gps-cdcl"
  solver-version = 1
